// !$*UTF8*$!
{
	archiveVersion = 1;
	classes = {
	};
	objectVersion = 77;
	objects = {

/* Begin PBXBuildFile section */
		038A8396515D70B91E97B457 /* ScanView.swift in Sources */ = {isa = PBXBuildFile; fileRef = EB51CE3FD41BE5D176A90A04 /* ScanView.swift */; };
		08E9248A75FBF3970E7A9781 /* VisionOCRService.swift in Sources */ = {isa = PBXBuildFile; fileRef = 6C5BD0FA5722FAC40D364644 /* VisionOCRService.swift */; };
		0C91D59527AE07CBAD2D5828 /* RiskEvaluationService.swift in Sources */ = {isa = PBXBuildFile; fileRef = 3BABDA2B8802E538E0DFBD12 /* RiskEvaluationService.swift */; };
		0ED139D34EAEE3CB48448FE2 /* ScanViewModel.swift in Sources */ = {isa = PBXBuildFile; fileRef = 948CECD5B2BFCABBFEEEE154 /* ScanViewModel.swift */; };
		1366600013E03D4BF1DD27CA /* RiskEvaluationServiceTests.swift in Sources */ = {isa = PBXBuildFile; fileRef = 609F8B5CDE8270B0E45C896C /* RiskEvaluationServiceTests.swift */; };
		14B34A07A0F8570351537080 /* MenuUnderstandingPromptTests.swift in Sources */ = {isa = PBXBuildFile; fileRef = 5DF65A2E41AEFF5E8A1F2B5A /* MenuUnderstandingPromptTests.swift */; };
		16F75CC5450CE0D3FA1290D7 /* DishAlias.swift in Sources */ = {isa = PBXBuildFile; fileRef = E0099C99522E199DEDC1D024 /* DishAlias.swift */; };
		1AF62AE22772C703903E81CA /* Restriction.swift in Sources */ = {isa = PBXBuildFile; fileRef = 5715DDF1A78F2474352ED336 /* Restriction.swift */; };
		1ED023492937FA4AD0277227 /* SwiftDataProfileRepository.swift in Sources */ = {isa = PBXBuildFile; fileRef = 778434AFAC3EB4786763F2C8 /* SwiftDataProfileRepository.swift */; };
		209D6DFBCE82A8A8CD241D50 /* LanguageSelectionViewModel.swift in Sources */ = {isa = PBXBuildFile; fileRef = A4BAFAB497A658276674E242 /* LanguageSelectionViewModel.swift */; };
		20FD53533F763F674F6A81E9 /* IngredientAllergen.swift in Sources */ = {isa = PBXBuildFile; fileRef = 407578B39F2E8396549A8123 /* IngredientAllergen.swift */; };
		230793A69095A6AA017D70B6 /* ContentViewModel.swift in Sources */ = {isa = PBXBuildFile; fileRef = 6AC21E7FF0683EF6B1F0A1E5 /* ContentViewModel.swift */; };
		2395FF597B9F9B960E02D68A /* DietaryRestrictionCategory.swift in Sources */ = {isa = PBXBuildFile; fileRef = 1BAB82008F0A2A8EB4081292 /* DietaryRestrictionCategory.swift */; };
		29784B1F4E540427AF9F17B3 /* CameraService.swift in Sources */ = {isa = PBXBuildFile; fileRef = B90AD5EF040181D7B167919F /* CameraService.swift */; };
		2C7AB085D8D4BEE14FBD4E42 /* MeelyzeApp.swift in Sources */ = {isa = PBXBuildFile; fileRef = 5BC63067C182B339680BFC98 /* MeelyzeApp.swift */; };
		2FA422D19CB281689047E36B /* MenuAliasResolver.swift in Sources */ = {isa = PBXBuildFile; fileRef = F3392F4480F801B376D3A86F /* MenuAliasResolver.swift */; };
		30A0132D61E0024D3AC16FAC /* ParsedMenuItem.swift in Sources */ = {isa = PBXBuildFile; fileRef = 6021D5FC13BA4F80E463E473 /* ParsedMenuItem.swift */; };
		3240C866B7C2DCE00E17AFE9 /* AllergenDietaryRestrictionViewModelTests.swift in Sources */ = {isa = PBXBuildFile; fileRef = B7EB1F18AACFF4D0CC4FE683 /* AllergenDietaryRestrictionViewModelTests.swift */; };
		334EA049683CAA7D043EA80B /* RiskEvaluationModelsTests.swift in Sources */ = {isa = PBXBuildFile; fileRef = D28EB47428471293927A7A59 /* RiskEvaluationModelsTests.swift */; };
		3D63AD4D53CBD93D7F39B634 /* IngredientRestriction.swift in Sources */ = {isa = PBXBuildFile; fileRef = 7D98D235214657C0F6AE7A75 /* IngredientRestriction.swift */; };
		433CCB4ADF5D437BD2A2721D /* DisplayLanguage.swift in Sources */ = {isa = PBXBuildFile; fileRef = 12E5F436D44B72F78A3E135D /* DisplayLanguage.swift */; };
		45300E39FCD68529BC7187DB /* SwiftDataMenuKnowledgeRepository.swift in Sources */ = {isa = PBXBuildFile; fileRef = 0FE258C816314D2A285DB511 /* SwiftDataMenuKnowledgeRepository.swift */; };
		47DF2ECEBDCD388E8639F34A /* LanguageSelectionView.swift in Sources */ = {isa = PBXBuildFile; fileRef = 5C7C27A69BB9BB60DCA4500B /* LanguageSelectionView.swift */; };
		48AE76BBEE50AFCE3568CB3C /* VisionOCRServiceTests.swift in Sources */ = {isa = PBXBuildFile; fileRef = 57BF632551CB89C0AF1B1C9F /* VisionOCRServiceTests.swift */; };
		4D25862F033205EAB70DEE5C /* OnboardingFlowViewModel.swift in Sources */ = {isa = PBXBuildFile; fileRef = 562D9B8400F751BC97C33CA0 /* OnboardingFlowViewModel.swift */; };
		4D2C1880EE212130D142CEAA /* MenuNameNormalizer.swift in Sources */ = {isa = PBXBuildFile; fileRef = 7BD764E7C94AFA006B44AC61 /* MenuNameNormalizer.swift */; };
		4F2E6FF80226C2C80B348BA8 /* Allergen.swift in Sources */ = {isa = PBXBuildFile; fileRef = 0DBC9D074DCF188BFC494F19 /* Allergen.swift */; };
		535E5EF880AF55F3F5440E09 /* MenuKnowledgeRepository.swift in Sources */ = {isa = PBXBuildFile; fileRef = 53ACD5C7507375111DDB9803 /* MenuKnowledgeRepository.swift */; };
		54154D1004C1A4B3E6F15A87 /* RiskRuleEngineTests.swift in Sources */ = {isa = PBXBuildFile; fileRef = A297506F8F49E47F82748C77 /* RiskRuleEngineTests.swift */; };
		554DE3DFA0DEBD72D987E873 /* ChoiceChipView.swift in Sources */ = {isa = PBXBuildFile; fileRef = EFE4CC8AC2215C0E408065CF /* ChoiceChipView.swift */; };
		56723CC5B97B7AB371E471AE /* AllergenDietaryRestrictionViewModel.swift in Sources */ = {isa = PBXBuildFile; fileRef = F7687A10D41A87BA73186324 /* AllergenDietaryRestrictionViewModel.swift */; };
		5CBB201836FD5A4780F6F2D7 /* SwiftDataMenuKnowledgeRepositoryTests.swift in Sources */ = {isa = PBXBuildFile; fileRef = 1366B16A88E17F3DBF7C603C /* SwiftDataMenuKnowledgeRepositoryTests.swift */; };
		5D90C7095BD43DBEEBC6F9BE /* MenuUnderstandingModels.swift in Sources */ = {isa = PBXBuildFile; fileRef = F4E52D917E05EC04A5E0F665 /* MenuUnderstandingModels.swift */; };
		5E69333FC69D36548EBF9D75 /* AVFoundationCameraService.swift in Sources */ = {isa = PBXBuildFile; fileRef = C6D4EF6870F94AC39B224757 /* AVFoundationCameraService.swift */; };
		62AFAFDDDDF6286AC1EB60EC /* RiskLLMSignalExtractorTests.swift in Sources */ = {isa = PBXBuildFile; fileRef = 06625BBCFB6784935266A530 /* RiskLLMSignalExtractorTests.swift */; };
		678A51F22B93BB866464E920 /* MenuTextPreprocessorTests.swift in Sources */ = {isa = PBXBuildFile; fileRef = 7B8BA499FE180C8AFBEDD052 /* MenuTextPreprocessorTests.swift */; };
		6C88114F4B1036D6004D9480 /* LocalizedText.swift in Sources */ = {isa = PBXBuildFile; fileRef = 7DB2E62A449F012C3E98BE9B /* LocalizedText.swift */; };
		6DBEF4EE9675E49420C6A741 /* CameraGuideOverlayView.swift in Sources */ = {isa = PBXBuildFile; fileRef = 7963A306E3AE6837FC2A8D95 /* CameraGuideOverlayView.swift */; };
		756BD32782322FA515D6DC6E /* Assets.xcassets in Resources */ = {isa = PBXBuildFile; fileRef = 5F35A56A3C74C07E63A9B61D /* Assets.xcassets */; };
		76ED8352C6DE30CD5249F050 /* AllergenDietaryRestrictionView.swift in Sources */ = {isa = PBXBuildFile; fileRef = 613D058FE927E7B101B872AC /* AllergenDietaryRestrictionView.swift */; };
		7768CD9E458F57ACBE58CAC3 /* MenuAliasResolverTests.swift in Sources */ = {isa = PBXBuildFile; fileRef = 372E43E5B28CED4F1228ECF4 /* MenuAliasResolverTests.swift */; };
		7C2764254E4D6B8487F727E9 /* ContentViewModelTests.swift in Sources */ = {isa = PBXBuildFile; fileRef = 35DCE70149A7A3D349696FD7 /* ContentViewModelTests.swift */; };
		7DE5BF06C09ADF308D6FD39A /* DisclaimerView.swift in Sources */ = {isa = PBXBuildFile; fileRef = FD779C69BAA57BE87AF3BB21 /* DisclaimerView.swift */; };
		7E57B4757F7DA9B78EFE178F /* ScanOCRFailureUITests.swift in Sources */ = {isa = PBXBuildFile; fileRef = 631ED3C5F084B027B88DC072 /* ScanOCRFailureUITests.swift */; };
		7FD3FE9D98DAA48AA50C8D67 /* OnboardingFlowView.swift in Sources */ = {isa = PBXBuildFile; fileRef = 12E5C91EE3CB513A71A10363 /* OnboardingFlowView.swift */; };
		86700AD3E0DEEE8C833BF7B6 /* MenuTextPreprocessor.swift in Sources */ = {isa = PBXBuildFile; fileRef = 467A14158007AB7CD392229C /* MenuTextPreprocessor.swift */; };
		8A40A061A2F46E1CBCAC7D45 /* MenuUnderstandingService.swift in Sources */ = {isa = PBXBuildFile; fileRef = AFD3CA331F956E66CAE4DF29 /* MenuUnderstandingService.swift */; };
		8C39DF750365356C689113EE /* EvidenceSource.swift in Sources */ = {isa = PBXBuildFile; fileRef = DCEB2FE9DF4DD995CAD3304B /* EvidenceSource.swift */; };
		8E4ED6D9A8F15A36828C1877 /* OCRResultTests.swift in Sources */ = {isa = PBXBuildFile; fileRef = 1ED5FCB568B68A4838C4F470 /* OCRResultTests.swift */; };
		8FD5C8FF81002F9C2EBD91FC /* SwiftDataProfileRepositoryTests.swift in Sources */ = {isa = PBXBuildFile; fileRef = 3EBFA2E920EFBF32275500C8 /* SwiftDataProfileRepositoryTests.swift */; };
		93A743B873325135631A1E36 /* ShutterButtonView.swift in Sources */ = {isa = PBXBuildFile; fileRef = 0643384A56BE3EDE3BE711A5 /* ShutterButtonView.swift */; };
		96B722BB3C78C4EEAB8EBAA3 /* InitialMenuKnowledgeData.json in Resources */ = {isa = PBXBuildFile; fileRef = C2124BB907B91399F4D4F70C /* InitialMenuKnowledgeData.json */; };
		9AEC4A84D322BD929996EF05 /* MenuNormalizationModels.swift in Sources */ = {isa = PBXBuildFile; fileRef = B4E78BF5E06DB8B85208D313 /* MenuNormalizationModels.swift */; };
		9E419E516412E13F688AE11C /* RepresentativeMenuFixtures.swift in Sources */ = {isa = PBXBuildFile; fileRef = EAF664B5689D58B3B2808394 /* RepresentativeMenuFixtures.swift */; };
		A0C3E5FBAEBE0278275C1D67 /* MenuUnderstandingModelsTests.swift in Sources */ = {isa = PBXBuildFile; fileRef = CC57C73921D70487E8E48D24 /* MenuUnderstandingModelsTests.swift */; };
		A490F3D5B42B92F4339B39E7 /* ProfileRepository.swift in Sources */ = {isa = PBXBuildFile; fileRef = CDC16DFA9AB4BD011E392700 /* ProfileRepository.swift */; };
		A63AC5133DA3BF81F224524E /* RiskEvaluationModels.swift in Sources */ = {isa = PBXBuildFile; fileRef = C54B2427F55D1AD7F41F73F8 /* RiskEvaluationModels.swift */; };
		A8B2D97BE193D2D84B0BB304 /* RiskFactBuilderTests.swift in Sources */ = {isa = PBXBuildFile; fileRef = 95FEFF1F87E05258E280A76B /* RiskFactBuilderTests.swift */; };
		A9959E55F71BCF035A4189B1 /* DisclaimerViewModel.swift in Sources */ = {isa = PBXBuildFile; fileRef = E21ACCAB4671F3910C32CB09 /* DisclaimerViewModel.swift */; };
		AA6E40F513CDD90D936A5996 /* DishIngredient.swift in Sources */ = {isa = PBXBuildFile; fileRef = A4A2F9D56E499432783D14F9 /* DishIngredient.swift */; };
		AB2DFD5E83915C27A603F34A /* InitialDataImportServiceTests.swift in Sources */ = {isa = PBXBuildFile; fileRef = 60DB1740DF49DECB90099046 /* InitialDataImportServiceTests.swift */; };
		AD0ADD3FD62A68344A631B74 /* MenuUnderstandingServiceContractTests.swift in Sources */ = {isa = PBXBuildFile; fileRef = A8522ECE96CA1F66FD7339BB /* MenuUnderstandingServiceContractTests.swift */; };
		B1C3282C42BE105AEBE37E3B /* RiskFactBuilder.swift in Sources */ = {isa = PBXBuildFile; fileRef = F7AC8504BA2008A8F4156AFF /* RiskFactBuilder.swift */; };
		B2F40A6796C837E27D093088 /* RiskLLMSignalExtractor.swift in Sources */ = {isa = PBXBuildFile; fileRef = 37713CB8D101C5A7A24E1DDE /* RiskLLMSignalExtractor.swift */; };
		B3D37CBFC2AFB03F8E54BDD8 /* MenuUnderstandingPrompt.swift in Sources */ = {isa = PBXBuildFile; fileRef = 1F27D646860985637456DBB0 /* MenuUnderstandingPrompt.swift */; };
		B4E91D56A21332C6DE8F5C3C /* Ingredient.swift in Sources */ = {isa = PBXBuildFile; fileRef = A816D8FEFDC0586A66A39ABC /* Ingredient.swift */; };
		B6C99BC354CB52C3F60D7C5B /* FoundationModelsMenuParser.swift in Sources */ = {isa = PBXBuildFile; fileRef = B568585A2729AEBCD672F984 /* FoundationModelsMenuParser.swift */; };
		B71B420E7E69437A7700EA75 /* InitialDataImportService.swift in Sources */ = {isa = PBXBuildFile; fileRef = A6C1577C5E8826E565ED3996 /* InitialDataImportService.swift */; };
		BB8EAB5A39B7A6111F592E59 /* OCRService.swift in Sources */ = {isa = PBXBuildFile; fileRef = DC3E11AF29762731792DE256 /* OCRService.swift */; };
		BFF9D8751DA1550E82AD21AC /* MenuNameNormalizerTests.swift in Sources */ = {isa = PBXBuildFile; fileRef = 05B78A81C23E3D6B490E8499 /* MenuNameNormalizerTests.swift */; };
		C59B3228ADF0D183049EF6F1 /* ScanViewModelTests.swift in Sources */ = {isa = PBXBuildFile; fileRef = DB1CF00FF2CD3D8B8D02B841 /* ScanViewModelTests.swift */; };
		C68D5D9A0A7BE64149C57374 /* UITestScanStubs.swift in Sources */ = {isa = PBXBuildFile; fileRef = 056B842C2CBF23446B18D76F /* UITestScanStubs.swift */; };
		C9714AFBA5C46E16B8AD7319 /* RiskRuleEngine.swift in Sources */ = {isa = PBXBuildFile; fileRef = 7C871B04C80247338F597209 /* RiskRuleEngine.swift */; };
		D0CB1F35BBC22A60A3E35AD5 /* Preview Assets.xcassets in Resources */ = {isa = PBXBuildFile; fileRef = 3808C478CBD9943B6F26DF6F /* Preview Assets.xcassets */; };
		D4E720A75823C35AEE6EC016 /* OnboardingFlowUITests.swift in Sources */ = {isa = PBXBuildFile; fileRef = 9E5EF0535E89A83B73DB6A6E /* OnboardingFlowUITests.swift */; };
		D57FA4FE077906F86A05132F /* LanguageSelectionViewModelTests.swift in Sources */ = {isa = PBXBuildFile; fileRef = 2213B89C1110A6074EBE9E49 /* LanguageSelectionViewModelTests.swift */; };
		D9085693B6512C41A0118673 /* MeelyzeUITestsLaunchTests.swift in Sources */ = {isa = PBXBuildFile; fileRef = A02F0025B6BD711FA7DD7E5E /* MeelyzeUITestsLaunchTests.swift */; };
		DB888E051928C15CF2C08571 /* DataImportVersion.swift in Sources */ = {isa = PBXBuildFile; fileRef = BC1C0B9F88184A0BE0BA5A85 /* DataImportVersion.swift */; };
		DC5B6641F4A388E61A020164 /* SimulatorMenuPhotos in Resources */ = {isa = PBXBuildFile; fileRef = FCD5C0672FB7C02301917308 /* SimulatorMenuPhotos */; };
		DD521B43A44B47A9A447B4FC /* MeelyzeUITests.swift in Sources */ = {isa = PBXBuildFile; fileRef = CDAA0292A33B42A4AA997B27 /* MeelyzeUITests.swift */; };
		E11FA8E82A917C259AB0F9CF /* FoundationModelsMenuParserTests.swift in Sources */ = {isa = PBXBuildFile; fileRef = C22E288D81C73DC0E7F55018 /* FoundationModelsMenuParserTests.swift */; };
		E17D53F89F84E5763ECB51B5 /* UserProfile.swift in Sources */ = {isa = PBXBuildFile; fileRef = BD0F5AB1729853FF7B380071 /* UserProfile.swift */; };
		E2EDB1EF12F4EF8633D9E539 /* SafetyNoticeView.swift in Sources */ = {isa = PBXBuildFile; fileRef = D5F4493C56EE8F4086CCD1CB /* SafetyNoticeView.swift */; };
		E3A7B580EB7702311968E883 /* OCRResult.swift in Sources */ = {isa = PBXBuildFile; fileRef = 66BA6CF2960D1A63C122781C /* OCRResult.swift */; };
		E6A184D7864194ABCA0E750F /* RiskEvaluationServiceIntegrationTests.swift in Sources */ = {isa = PBXBuildFile; fileRef = F579E6CF1730F67255A8227A /* RiskEvaluationServiceIntegrationTests.swift */; };
		E79FDD8A9C9C5A236ACD0D3C /* ContentView.swift in Sources */ = {isa = PBXBuildFile; fileRef = 4B70D742796B2A4C68785A58 /* ContentView.swift */; };
		ED33D56632B9AE1884E4F7CF /* RecognizedTextObservation.swift in Sources */ = {isa = PBXBuildFile; fileRef = 7B7B484E49E6DC43421215F4 /* RecognizedTextObservation.swift */; };
		ED88E05A616991276579D494 /* DisclaimerViewModelTests.swift in Sources */ = {isa = PBXBuildFile; fileRef = EBE73A55412CDA5165638B49 /* DisclaimerViewModelTests.swift */; };
		EDA6823AF50AEE734BDCCD56 /* MenuKnowledgeModelTests.swift in Sources */ = {isa = PBXBuildFile; fileRef = 8098B2E6E628E339BB9B6FB6 /* MenuKnowledgeModelTests.swift */; };
		F213393341BFF7547389A898 /* OCRFailureView.swift in Sources */ = {isa = PBXBuildFile; fileRef = 15341ECABE445F9B2783D651 /* OCRFailureView.swift */; };
		F7484F7C1C5FD928FF244064 /* RootView.swift in Sources */ = {isa = PBXBuildFile; fileRef = 59037E9A631860382493E7FD /* RootView.swift */; };
		F803A9955C88010D13CB7B5B /* SimulatorCameraService.swift in Sources */ = {isa = PBXBuildFile; fileRef = A1710CDEFA0C8935DDAB5D89 /* SimulatorCameraService.swift */; };
		FABE62A77414E962C56A6126 /* FoundationModelsLiveDeviceTests.swift in Sources */ = {isa = PBXBuildFile; fileRef = ECC6164A46833EABAE2875E3 /* FoundationModelsLiveDeviceTests.swift */; };
		FB1E743B9C3B952650DF2CD2 /* Dish.swift in Sources */ = {isa = PBXBuildFile; fileRef = 8EEA4D805BA1B4EB93DADCA6 /* Dish.swift */; };
		FB2B12D958B10D14CC55346B /* IngredientAlias.swift in Sources */ = {isa = PBXBuildFile; fileRef = 0BC2A70753AC85307AF26452 /* IngredientAlias.swift */; };
		FC22CD6E595355D52F162120 /* AllergenItem.swift in Sources */ = {isa = PBXBuildFile; fileRef = 1DB92545554B577741C8D9A2 /* AllergenItem.swift */; };
		FE1BF28542A739BC233F6354 /* UITestHelpers.swift in Sources */ = {isa = PBXBuildFile; fileRef = 81E464E2B50CB8A2DE3E4EDF /* UITestHelpers.swift */; };
/* End PBXBuildFile section */

/* Begin PBXContainerItemProxy section */
		33B8E0C1B7DFB87E4295B75F /* PBXContainerItemProxy */ = {
			isa = PBXContainerItemProxy;
			containerPortal = FE965FF0CACD5FA526B9E97A /* Project object */;
			proxyType = 1;
			remoteGlobalIDString = AA60CB5568C3E71CD4BD3286;
			remoteInfo = Meelyze;
		};
		871C526DCA4183B35E3881DC /* PBXContainerItemProxy */ = {
			isa = PBXContainerItemProxy;
			containerPortal = FE965FF0CACD5FA526B9E97A /* Project object */;
			proxyType = 1;
			remoteGlobalIDString = AA60CB5568C3E71CD4BD3286;
			remoteInfo = Meelyze;
		};
/* End PBXContainerItemProxy section */

/* Begin PBXFileReference section */
		056B842C2CBF23446B18D76F /* UITestScanStubs.swift */ = {isa = PBXFileReference; lastKnownFileType = sourcecode.swift; path = UITestScanStubs.swift; sourceTree = "<group>"; };
		05B78A81C23E3D6B490E8499 /* MenuNameNormalizerTests.swift */ = {isa = PBXFileReference; lastKnownFileType = sourcecode.swift; path = MenuNameNormalizerTests.swift; sourceTree = "<group>"; };
		0643384A56BE3EDE3BE711A5 /* ShutterButtonView.swift */ = {isa = PBXFileReference; lastKnownFileType = sourcecode.swift; path = ShutterButtonView.swift; sourceTree = "<group>"; };
		06625BBCFB6784935266A530 /* RiskLLMSignalExtractorTests.swift */ = {isa = PBXFileReference; lastKnownFileType = sourcecode.swift; path = RiskLLMSignalExtractorTests.swift; sourceTree = "<group>"; };
		0BC2A70753AC85307AF26452 /* IngredientAlias.swift */ = {isa = PBXFileReference; lastKnownFileType = sourcecode.swift; path = IngredientAlias.swift; sourceTree = "<group>"; };
		0DBC9D074DCF188BFC494F19 /* Allergen.swift */ = {isa = PBXFileReference; lastKnownFileType = sourcecode.swift; path = Allergen.swift; sourceTree = "<group>"; };
		0FE258C816314D2A285DB511 /* SwiftDataMenuKnowledgeRepository.swift */ = {isa = PBXFileReference; lastKnownFileType = sourcecode.swift; path = SwiftDataMenuKnowledgeRepository.swift; sourceTree = "<group>"; };
		11ADB29E668A7D70DC9CB020 /* README.md */ = {isa = PBXFileReference; lastKnownFileType = net.daringfireball.markdown; path = README.md; sourceTree = "<group>"; };
		12E5C91EE3CB513A71A10363 /* OnboardingFlowView.swift */ = {isa = PBXFileReference; lastKnownFileType = sourcecode.swift; path = OnboardingFlowView.swift; sourceTree = "<group>"; };
		12E5F436D44B72F78A3E135D /* DisplayLanguage.swift */ = {isa = PBXFileReference; lastKnownFileType = sourcecode.swift; path = DisplayLanguage.swift; sourceTree = "<group>"; };
		1366B16A88E17F3DBF7C603C /* SwiftDataMenuKnowledgeRepositoryTests.swift */ = {isa = PBXFileReference; lastKnownFileType = sourcecode.swift; path = SwiftDataMenuKnowledgeRepositoryTests.swift; sourceTree = "<group>"; };
		15341ECABE445F9B2783D651 /* OCRFailureView.swift */ = {isa = PBXFileReference; lastKnownFileType = sourcecode.swift; path = OCRFailureView.swift; sourceTree = "<group>"; };
		1BAB82008F0A2A8EB4081292 /* DietaryRestrictionCategory.swift */ = {isa = PBXFileReference; lastKnownFileType = sourcecode.swift; path = DietaryRestrictionCategory.swift; sourceTree = "<group>"; };
		1DB92545554B577741C8D9A2 /* AllergenItem.swift */ = {isa = PBXFileReference; lastKnownFileType = sourcecode.swift; path = AllergenItem.swift; sourceTree = "<group>"; };
		1ED5FCB568B68A4838C4F470 /* OCRResultTests.swift */ = {isa = PBXFileReference; lastKnownFileType = sourcecode.swift; path = OCRResultTests.swift; sourceTree = "<group>"; };
		1F27D646860985637456DBB0 /* MenuUnderstandingPrompt.swift */ = {isa = PBXFileReference; lastKnownFileType = sourcecode.swift; path = MenuUnderstandingPrompt.swift; sourceTree = "<group>"; };
		218521C806E7B0ABB02FB2F9 /* README.md */ = {isa = PBXFileReference; lastKnownFileType = net.daringfireball.markdown; path = README.md; sourceTree = "<group>"; };
		2213B89C1110A6074EBE9E49 /* LanguageSelectionViewModelTests.swift */ = {isa = PBXFileReference; lastKnownFileType = sourcecode.swift; path = LanguageSelectionViewModelTests.swift; sourceTree = "<group>"; };
		35DCE70149A7A3D349696FD7 /* ContentViewModelTests.swift */ = {isa = PBXFileReference; lastKnownFileType = sourcecode.swift; path = ContentViewModelTests.swift; sourceTree = "<group>"; };
		372E43E5B28CED4F1228ECF4 /* MenuAliasResolverTests.swift */ = {isa = PBXFileReference; lastKnownFileType = sourcecode.swift; path = MenuAliasResolverTests.swift; sourceTree = "<group>"; };
		37713CB8D101C5A7A24E1DDE /* RiskLLMSignalExtractor.swift */ = {isa = PBXFileReference; lastKnownFileType = sourcecode.swift; path = RiskLLMSignalExtractor.swift; sourceTree = "<group>"; };
		3808C478CBD9943B6F26DF6F /* Preview Assets.xcassets */ = {isa = PBXFileReference; lastKnownFileType = folder.assetcatalog; path = "Preview Assets.xcassets"; sourceTree = "<group>"; };
		3BABDA2B8802E538E0DFBD12 /* RiskEvaluationService.swift */ = {isa = PBXFileReference; lastKnownFileType = sourcecode.swift; path = RiskEvaluationService.swift; sourceTree = "<group>"; };
		3EBFA2E920EFBF32275500C8 /* SwiftDataProfileRepositoryTests.swift */ = {isa = PBXFileReference; lastKnownFileType = sourcecode.swift; path = SwiftDataProfileRepositoryTests.swift; sourceTree = "<group>"; };
		407578B39F2E8396549A8123 /* IngredientAllergen.swift */ = {isa = PBXFileReference; lastKnownFileType = sourcecode.swift; path = IngredientAllergen.swift; sourceTree = "<group>"; };
		44C4319B950F229F30D4E81C /* Meelyze.app */ = {isa = PBXFileReference; includeInIndex = 0; lastKnownFileType = wrapper.application; path = Meelyze.app; sourceTree = BUILT_PRODUCTS_DIR; };
		467A14158007AB7CD392229C /* MenuTextPreprocessor.swift */ = {isa = PBXFileReference; lastKnownFileType = sourcecode.swift; path = MenuTextPreprocessor.swift; sourceTree = "<group>"; };
		4B70D742796B2A4C68785A58 /* ContentView.swift */ = {isa = PBXFileReference; lastKnownFileType = sourcecode.swift; path = ContentView.swift; sourceTree = "<group>"; };
		53ACD5C7507375111DDB9803 /* MenuKnowledgeRepository.swift */ = {isa = PBXFileReference; lastKnownFileType = sourcecode.swift; path = MenuKnowledgeRepository.swift; sourceTree = "<group>"; };
		541122341A2A5C7CB98163AD /* README.md */ = {isa = PBXFileReference; lastKnownFileType = net.daringfireball.markdown; path = README.md; sourceTree = "<group>"; };
		562D9B8400F751BC97C33CA0 /* OnboardingFlowViewModel.swift */ = {isa = PBXFileReference; lastKnownFileType = sourcecode.swift; path = OnboardingFlowViewModel.swift; sourceTree = "<group>"; };
		5715DDF1A78F2474352ED336 /* Restriction.swift */ = {isa = PBXFileReference; lastKnownFileType = sourcecode.swift; path = Restriction.swift; sourceTree = "<group>"; };
		57BF632551CB89C0AF1B1C9F /* VisionOCRServiceTests.swift */ = {isa = PBXFileReference; lastKnownFileType = sourcecode.swift; path = VisionOCRServiceTests.swift; sourceTree = "<group>"; };
		59037E9A631860382493E7FD /* RootView.swift */ = {isa = PBXFileReference; lastKnownFileType = sourcecode.swift; path = RootView.swift; sourceTree = "<group>"; };
		5BC63067C182B339680BFC98 /* MeelyzeApp.swift */ = {isa = PBXFileReference; lastKnownFileType = sourcecode.swift; path = MeelyzeApp.swift; sourceTree = "<group>"; };
		5C7C27A69BB9BB60DCA4500B /* LanguageSelectionView.swift */ = {isa = PBXFileReference; lastKnownFileType = sourcecode.swift; path = LanguageSelectionView.swift; sourceTree = "<group>"; };
		5CEFCC19889D5611ECA68CFC /* MeelyzeTests.xctest */ = {isa = PBXFileReference; includeInIndex = 0; lastKnownFileType = wrapper.cfbundle; path = MeelyzeTests.xctest; sourceTree = BUILT_PRODUCTS_DIR; };
		5DF65A2E41AEFF5E8A1F2B5A /* MenuUnderstandingPromptTests.swift */ = {isa = PBXFileReference; lastKnownFileType = sourcecode.swift; path = MenuUnderstandingPromptTests.swift; sourceTree = "<group>"; };
		5F35A56A3C74C07E63A9B61D /* Assets.xcassets */ = {isa = PBXFileReference; lastKnownFileType = folder.assetcatalog; path = Assets.xcassets; sourceTree = "<group>"; };
		6021D5FC13BA4F80E463E473 /* ParsedMenuItem.swift */ = {isa = PBXFileReference; lastKnownFileType = sourcecode.swift; path = ParsedMenuItem.swift; sourceTree = "<group>"; };
		609F8B5CDE8270B0E45C896C /* RiskEvaluationServiceTests.swift */ = {isa = PBXFileReference; lastKnownFileType = sourcecode.swift; path = RiskEvaluationServiceTests.swift; sourceTree = "<group>"; };
		60DB1740DF49DECB90099046 /* InitialDataImportServiceTests.swift */ = {isa = PBXFileReference; lastKnownFileType = sourcecode.swift; path = InitialDataImportServiceTests.swift; sourceTree = "<group>"; };
		613D058FE927E7B101B872AC /* AllergenDietaryRestrictionView.swift */ = {isa = PBXFileReference; lastKnownFileType = sourcecode.swift; path = AllergenDietaryRestrictionView.swift; sourceTree = "<group>"; };
		631ED3C5F084B027B88DC072 /* ScanOCRFailureUITests.swift */ = {isa = PBXFileReference; lastKnownFileType = sourcecode.swift; path = ScanOCRFailureUITests.swift; sourceTree = "<group>"; };
		66BA6CF2960D1A63C122781C /* OCRResult.swift */ = {isa = PBXFileReference; lastKnownFileType = sourcecode.swift; path = OCRResult.swift; sourceTree = "<group>"; };
		6AC21E7FF0683EF6B1F0A1E5 /* ContentViewModel.swift */ = {isa = PBXFileReference; lastKnownFileType = sourcecode.swift; path = ContentViewModel.swift; sourceTree = "<group>"; };
		6C5BD0FA5722FAC40D364644 /* VisionOCRService.swift */ = {isa = PBXFileReference; lastKnownFileType = sourcecode.swift; path = VisionOCRService.swift; sourceTree = "<group>"; };
		778434AFAC3EB4786763F2C8 /* SwiftDataProfileRepository.swift */ = {isa = PBXFileReference; lastKnownFileType = sourcecode.swift; path = SwiftDataProfileRepository.swift; sourceTree = "<group>"; };
		7963A306E3AE6837FC2A8D95 /* CameraGuideOverlayView.swift */ = {isa = PBXFileReference; lastKnownFileType = sourcecode.swift; path = CameraGuideOverlayView.swift; sourceTree = "<group>"; };
		7B7B484E49E6DC43421215F4 /* RecognizedTextObservation.swift */ = {isa = PBXFileReference; lastKnownFileType = sourcecode.swift; path = RecognizedTextObservation.swift; sourceTree = "<group>"; };
		7B8BA499FE180C8AFBEDD052 /* MenuTextPreprocessorTests.swift */ = {isa = PBXFileReference; lastKnownFileType = sourcecode.swift; path = MenuTextPreprocessorTests.swift; sourceTree = "<group>"; };
		7BD764E7C94AFA006B44AC61 /* MenuNameNormalizer.swift */ = {isa = PBXFileReference; lastKnownFileType = sourcecode.swift; path = MenuNameNormalizer.swift; sourceTree = "<group>"; };
		7C871B04C80247338F597209 /* RiskRuleEngine.swift */ = {isa = PBXFileReference; lastKnownFileType = sourcecode.swift; path = RiskRuleEngine.swift; sourceTree = "<group>"; };
		7D98D235214657C0F6AE7A75 /* IngredientRestriction.swift */ = {isa = PBXFileReference; lastKnownFileType = sourcecode.swift; path = IngredientRestriction.swift; sourceTree = "<group>"; };
		7DB2E62A449F012C3E98BE9B /* LocalizedText.swift */ = {isa = PBXFileReference; lastKnownFileType = sourcecode.swift; path = LocalizedText.swift; sourceTree = "<group>"; };
		8098B2E6E628E339BB9B6FB6 /* MenuKnowledgeModelTests.swift */ = {isa = PBXFileReference; lastKnownFileType = sourcecode.swift; path = MenuKnowledgeModelTests.swift; sourceTree = "<group>"; };
		81E464E2B50CB8A2DE3E4EDF /* UITestHelpers.swift */ = {isa = PBXFileReference; lastKnownFileType = sourcecode.swift; path = UITestHelpers.swift; sourceTree = "<group>"; };
		8EEA4D805BA1B4EB93DADCA6 /* Dish.swift */ = {isa = PBXFileReference; lastKnownFileType = sourcecode.swift; path = Dish.swift; sourceTree = "<group>"; };
		948CECD5B2BFCABBFEEEE154 /* ScanViewModel.swift */ = {isa = PBXFileReference; lastKnownFileType = sourcecode.swift; path = ScanViewModel.swift; sourceTree = "<group>"; };
		95FEFF1F87E05258E280A76B /* RiskFactBuilderTests.swift */ = {isa = PBXFileReference; lastKnownFileType = sourcecode.swift; path = RiskFactBuilderTests.swift; sourceTree = "<group>"; };
		9E5EF0535E89A83B73DB6A6E /* OnboardingFlowUITests.swift */ = {isa = PBXFileReference; lastKnownFileType = sourcecode.swift; path = OnboardingFlowUITests.swift; sourceTree = "<group>"; };
		A02F0025B6BD711FA7DD7E5E /* MeelyzeUITestsLaunchTests.swift */ = {isa = PBXFileReference; lastKnownFileType = sourcecode.swift; path = MeelyzeUITestsLaunchTests.swift; sourceTree = "<group>"; };
		A1710CDEFA0C8935DDAB5D89 /* SimulatorCameraService.swift */ = {isa = PBXFileReference; lastKnownFileType = sourcecode.swift; path = SimulatorCameraService.swift; sourceTree = "<group>"; };
		A297506F8F49E47F82748C77 /* RiskRuleEngineTests.swift */ = {isa = PBXFileReference; lastKnownFileType = sourcecode.swift; path = RiskRuleEngineTests.swift; sourceTree = "<group>"; };
		A4A2F9D56E499432783D14F9 /* DishIngredient.swift */ = {isa = PBXFileReference; lastKnownFileType = sourcecode.swift; path = DishIngredient.swift; sourceTree = "<group>"; };
		A4BAFAB497A658276674E242 /* LanguageSelectionViewModel.swift */ = {isa = PBXFileReference; lastKnownFileType = sourcecode.swift; path = LanguageSelectionViewModel.swift; sourceTree = "<group>"; };
		A6C1577C5E8826E565ED3996 /* InitialDataImportService.swift */ = {isa = PBXFileReference; lastKnownFileType = sourcecode.swift; path = InitialDataImportService.swift; sourceTree = "<group>"; };
		A816D8FEFDC0586A66A39ABC /* Ingredient.swift */ = {isa = PBXFileReference; lastKnownFileType = sourcecode.swift; path = Ingredient.swift; sourceTree = "<group>"; };
		A8522ECE96CA1F66FD7339BB /* MenuUnderstandingServiceContractTests.swift */ = {isa = PBXFileReference; lastKnownFileType = sourcecode.swift; path = MenuUnderstandingServiceContractTests.swift; sourceTree = "<group>"; };
		A9C1E3D430E98001F181F529 /* MeelyzeUITests.xctest */ = {isa = PBXFileReference; includeInIndex = 0; lastKnownFileType = wrapper.cfbundle; path = MeelyzeUITests.xctest; sourceTree = BUILT_PRODUCTS_DIR; };
		AFD3CA331F956E66CAE4DF29 /* MenuUnderstandingService.swift */ = {isa = PBXFileReference; lastKnownFileType = sourcecode.swift; path = MenuUnderstandingService.swift; sourceTree = "<group>"; };
		B4E78BF5E06DB8B85208D313 /* MenuNormalizationModels.swift */ = {isa = PBXFileReference; lastKnownFileType = sourcecode.swift; path = MenuNormalizationModels.swift; sourceTree = "<group>"; };
		B568585A2729AEBCD672F984 /* FoundationModelsMenuParser.swift */ = {isa = PBXFileReference; lastKnownFileType = sourcecode.swift; path = FoundationModelsMenuParser.swift; sourceTree = "<group>"; };
		B7EB1F18AACFF4D0CC4FE683 /* AllergenDietaryRestrictionViewModelTests.swift */ = {isa = PBXFileReference; lastKnownFileType = sourcecode.swift; path = AllergenDietaryRestrictionViewModelTests.swift; sourceTree = "<group>"; };
		B90AD5EF040181D7B167919F /* CameraService.swift */ = {isa = PBXFileReference; lastKnownFileType = sourcecode.swift; path = CameraService.swift; sourceTree = "<group>"; };
		BC1C0B9F88184A0BE0BA5A85 /* DataImportVersion.swift */ = {isa = PBXFileReference; lastKnownFileType = sourcecode.swift; path = DataImportVersion.swift; sourceTree = "<group>"; };
		BD0F5AB1729853FF7B380071 /* UserProfile.swift */ = {isa = PBXFileReference; lastKnownFileType = sourcecode.swift; path = UserProfile.swift; sourceTree = "<group>"; };
		C2124BB907B91399F4D4F70C /* InitialMenuKnowledgeData.json */ = {isa = PBXFileReference; lastKnownFileType = text.json; path = InitialMenuKnowledgeData.json; sourceTree = "<group>"; };
		C22E288D81C73DC0E7F55018 /* FoundationModelsMenuParserTests.swift */ = {isa = PBXFileReference; lastKnownFileType = sourcecode.swift; path = FoundationModelsMenuParserTests.swift; sourceTree = "<group>"; };
		C54B2427F55D1AD7F41F73F8 /* RiskEvaluationModels.swift */ = {isa = PBXFileReference; lastKnownFileType = sourcecode.swift; path = RiskEvaluationModels.swift; sourceTree = "<group>"; };
		C6D4EF6870F94AC39B224757 /* AVFoundationCameraService.swift */ = {isa = PBXFileReference; lastKnownFileType = sourcecode.swift; path = AVFoundationCameraService.swift; sourceTree = "<group>"; };
		CC57C73921D70487E8E48D24 /* MenuUnderstandingModelsTests.swift */ = {isa = PBXFileReference; lastKnownFileType = sourcecode.swift; path = MenuUnderstandingModelsTests.swift; sourceTree = "<group>"; };
		CDAA0292A33B42A4AA997B27 /* MeelyzeUITests.swift */ = {isa = PBXFileReference; lastKnownFileType = sourcecode.swift; path = MeelyzeUITests.swift; sourceTree = "<group>"; };
		CDC16DFA9AB4BD011E392700 /* ProfileRepository.swift */ = {isa = PBXFileReference; lastKnownFileType = sourcecode.swift; path = ProfileRepository.swift; sourceTree = "<group>"; };
		D28EB47428471293927A7A59 /* RiskEvaluationModelsTests.swift */ = {isa = PBXFileReference; lastKnownFileType = sourcecode.swift; path = RiskEvaluationModelsTests.swift; sourceTree = "<group>"; };
		D5F4493C56EE8F4086CCD1CB /* SafetyNoticeView.swift */ = {isa = PBXFileReference; lastKnownFileType = sourcecode.swift; path = SafetyNoticeView.swift; sourceTree = "<group>"; };
		DB1CF00FF2CD3D8B8D02B841 /* ScanViewModelTests.swift */ = {isa = PBXFileReference; lastKnownFileType = sourcecode.swift; path = ScanViewModelTests.swift; sourceTree = "<group>"; };
		DC3E11AF29762731792DE256 /* OCRService.swift */ = {isa = PBXFileReference; lastKnownFileType = sourcecode.swift; path = OCRService.swift; sourceTree = "<group>"; };
		DCEB2FE9DF4DD995CAD3304B /* EvidenceSource.swift */ = {isa = PBXFileReference; lastKnownFileType = sourcecode.swift; path = EvidenceSource.swift; sourceTree = "<group>"; };
		E0099C99522E199DEDC1D024 /* DishAlias.swift */ = {isa = PBXFileReference; lastKnownFileType = sourcecode.swift; path = DishAlias.swift; sourceTree = "<group>"; };
		E21ACCAB4671F3910C32CB09 /* DisclaimerViewModel.swift */ = {isa = PBXFileReference; lastKnownFileType = sourcecode.swift; path = DisclaimerViewModel.swift; sourceTree = "<group>"; };
		EAF664B5689D58B3B2808394 /* RepresentativeMenuFixtures.swift */ = {isa = PBXFileReference; lastKnownFileType = sourcecode.swift; path = RepresentativeMenuFixtures.swift; sourceTree = "<group>"; };
		EB51CE3FD41BE5D176A90A04 /* ScanView.swift */ = {isa = PBXFileReference; lastKnownFileType = sourcecode.swift; path = ScanView.swift; sourceTree = "<group>"; };
		EBE73A55412CDA5165638B49 /* DisclaimerViewModelTests.swift */ = {isa = PBXFileReference; lastKnownFileType = sourcecode.swift; path = DisclaimerViewModelTests.swift; sourceTree = "<group>"; };
		ECC6164A46833EABAE2875E3 /* FoundationModelsLiveDeviceTests.swift */ = {isa = PBXFileReference; lastKnownFileType = sourcecode.swift; path = FoundationModelsLiveDeviceTests.swift; sourceTree = "<group>"; };
		EFE4CC8AC2215C0E408065CF /* ChoiceChipView.swift */ = {isa = PBXFileReference; lastKnownFileType = sourcecode.swift; path = ChoiceChipView.swift; sourceTree = "<group>"; };
		F3392F4480F801B376D3A86F /* MenuAliasResolver.swift */ = {isa = PBXFileReference; lastKnownFileType = sourcecode.swift; path = MenuAliasResolver.swift; sourceTree = "<group>"; };
		F4E52D917E05EC04A5E0F665 /* MenuUnderstandingModels.swift */ = {isa = PBXFileReference; lastKnownFileType = sourcecode.swift; path = MenuUnderstandingModels.swift; sourceTree = "<group>"; };
		F579E6CF1730F67255A8227A /* RiskEvaluationServiceIntegrationTests.swift */ = {isa = PBXFileReference; lastKnownFileType = sourcecode.swift; path = RiskEvaluationServiceIntegrationTests.swift; sourceTree = "<group>"; };
		F7687A10D41A87BA73186324 /* AllergenDietaryRestrictionViewModel.swift */ = {isa = PBXFileReference; lastKnownFileType = sourcecode.swift; path = AllergenDietaryRestrictionViewModel.swift; sourceTree = "<group>"; };
		F7AC8504BA2008A8F4156AFF /* RiskFactBuilder.swift */ = {isa = PBXFileReference; lastKnownFileType = sourcecode.swift; path = RiskFactBuilder.swift; sourceTree = "<group>"; };
		FCD5C0672FB7C02301917308 /* SimulatorMenuPhotos */ = {isa = PBXFileReference; lastKnownFileType = folder; name = SimulatorMenuPhotos; path = Meelyze/DebugResources/SimulatorMenuPhotos; sourceTree = SOURCE_ROOT; };
		FD779C69BAA57BE87AF3BB21 /* DisclaimerView.swift */ = {isa = PBXFileReference; lastKnownFileType = sourcecode.swift; path = DisclaimerView.swift; sourceTree = "<group>"; };
/* End PBXFileReference section */

/* Begin PBXGroup section */
		11B98615F48270A11ABFB49C /* DebugResources */ = {
			isa = PBXGroup;
			children = (
				FCD5C0672FB7C02301917308 /* SimulatorMenuPhotos */,
			);
			path = DebugResources;
			sourceTree = "<group>";
		};
		26E21141D95926F3D67DF3A4 /* Models */ = {
			isa = PBXGroup;
			children = (
				8098B2E6E628E339BB9B6FB6 /* MenuKnowledgeModelTests.swift */,
				CC57C73921D70487E8E48D24 /* MenuUnderstandingModelsTests.swift */,
				1ED5FCB568B68A4838C4F470 /* OCRResultTests.swift */,
				D28EB47428471293927A7A59 /* RiskEvaluationModelsTests.swift */,
			);
			path = Models;
			sourceTree = "<group>";
		};
		292409EAB2C417201FDED053 /* MeelyzeTests */ = {
			isa = PBXGroup;
			children = (
				34DEB8B741C006976C1943D5 /* Fixtures */,
				26E21141D95926F3D67DF3A4 /* Models */,
				B362CF1861E85DF2C252D2FB /* Repositories */,
				6755F56FF800CAD58DD5C4DB /* Services */,
				93B3637F9EFB7F8856FF2F23 /* ViewModels */,
			);
			path = MeelyzeTests;
			sourceTree = "<group>";
		};
		2B806EC88A7404D248BB067E /* Preview Content */ = {
			isa = PBXGroup;
			children = (
				3808C478CBD9943B6F26DF6F /* Preview Assets.xcassets */,
			);
			path = "Preview Content";
			sourceTree = "<group>";
		};
		34DEB8B741C006976C1943D5 /* Fixtures */ = {
			isa = PBXGroup;
			children = (
				EAF664B5689D58B3B2808394 /* RepresentativeMenuFixtures.swift */,
			);
			path = Fixtures;
			sourceTree = "<group>";
		};
		3A8D1496B87781C97D3E82CB /* ViewModels */ = {
			isa = PBXGroup;
			children = (
				F7687A10D41A87BA73186324 /* AllergenDietaryRestrictionViewModel.swift */,
				6AC21E7FF0683EF6B1F0A1E5 /* ContentViewModel.swift */,
				E21ACCAB4671F3910C32CB09 /* DisclaimerViewModel.swift */,
				A4BAFAB497A658276674E242 /* LanguageSelectionViewModel.swift */,
				562D9B8400F751BC97C33CA0 /* OnboardingFlowViewModel.swift */,
				948CECD5B2BFCABBFEEEE154 /* ScanViewModel.swift */,
			);
			path = ViewModels;
			sourceTree = "<group>";
		};
		6755F56FF800CAD58DD5C4DB /* Services */ = {
			isa = PBXGroup;
			children = (
				ECC6164A46833EABAE2875E3 /* FoundationModelsLiveDeviceTests.swift */,
				C22E288D81C73DC0E7F55018 /* FoundationModelsMenuParserTests.swift */,
				60DB1740DF49DECB90099046 /* InitialDataImportServiceTests.swift */,
				372E43E5B28CED4F1228ECF4 /* MenuAliasResolverTests.swift */,
				05B78A81C23E3D6B490E8499 /* MenuNameNormalizerTests.swift */,
				7B8BA499FE180C8AFBEDD052 /* MenuTextPreprocessorTests.swift */,
				5DF65A2E41AEFF5E8A1F2B5A /* MenuUnderstandingPromptTests.swift */,
				A8522ECE96CA1F66FD7339BB /* MenuUnderstandingServiceContractTests.swift */,
				F579E6CF1730F67255A8227A /* RiskEvaluationServiceIntegrationTests.swift */,
				609F8B5CDE8270B0E45C896C /* RiskEvaluationServiceTests.swift */,
				95FEFF1F87E05258E280A76B /* RiskFactBuilderTests.swift */,
				06625BBCFB6784935266A530 /* RiskLLMSignalExtractorTests.swift */,
				A297506F8F49E47F82748C77 /* RiskRuleEngineTests.swift */,
				57BF632551CB89C0AF1B1C9F /* VisionOCRServiceTests.swift */,
			);
			path = Services;
			sourceTree = "<group>";
		};
		93B3637F9EFB7F8856FF2F23 /* ViewModels */ = {
			isa = PBXGroup;
			children = (
				B7EB1F18AACFF4D0CC4FE683 /* AllergenDietaryRestrictionViewModelTests.swift */,
				35DCE70149A7A3D349696FD7 /* ContentViewModelTests.swift */,
				EBE73A55412CDA5165638B49 /* DisclaimerViewModelTests.swift */,
				2213B89C1110A6074EBE9E49 /* LanguageSelectionViewModelTests.swift */,
				DB1CF00FF2CD3D8B8D02B841 /* ScanViewModelTests.swift */,
			);
			path = ViewModels;
			sourceTree = "<group>";
		};
		93CFAFB97D768E7BD558600F /* Meelyze */ = {
			isa = PBXGroup;
			children = (
				5F35A56A3C74C07E63A9B61D /* Assets.xcassets */,
				5BC63067C182B339680BFC98 /* MeelyzeApp.swift */,
				11B98615F48270A11ABFB49C /* DebugResources */,
				DADCC8D217B04C879EB2AFB6 /* Models */,
				2B806EC88A7404D248BB067E /* Preview Content */,
				C8DC7A2797D4C3F450F719F7 /* Repositories */,
				C7462C14A174D89045421CE9 /* Resources */,
				D0BFB01C6A49B6ACF9294D04 /* Services */,
				3A8D1496B87781C97D3E82CB /* ViewModels */,
				CB3924E02FDC085233A8CF13 /* Views */,
			);
			path = Meelyze;
			sourceTree = "<group>";
		};
		9DF5F4019DE88B0D81962385 = {
			isa = PBXGroup;
			children = (
				93CFAFB97D768E7BD558600F /* Meelyze */,
				292409EAB2C417201FDED053 /* MeelyzeTests */,
				ACADEFC426248E0B568A8238 /* MeelyzeUITests */,
				F358B9538AD7FEB507375A47 /* Products */,
			);
			sourceTree = "<group>";
		};
		ACADEFC426248E0B568A8238 /* MeelyzeUITests */ = {
			isa = PBXGroup;
			children = (
				CDAA0292A33B42A4AA997B27 /* MeelyzeUITests.swift */,
				A02F0025B6BD711FA7DD7E5E /* MeelyzeUITestsLaunchTests.swift */,
				9E5EF0535E89A83B73DB6A6E /* OnboardingFlowUITests.swift */,
				631ED3C5F084B027B88DC072 /* ScanOCRFailureUITests.swift */,
				81E464E2B50CB8A2DE3E4EDF /* UITestHelpers.swift */,
			);
			path = MeelyzeUITests;
			sourceTree = "<group>";
		};
		B362CF1861E85DF2C252D2FB /* Repositories */ = {
			isa = PBXGroup;
			children = (
				1366B16A88E17F3DBF7C603C /* SwiftDataMenuKnowledgeRepositoryTests.swift */,
				3EBFA2E920EFBF32275500C8 /* SwiftDataProfileRepositoryTests.swift */,
			);
			path = Repositories;
			sourceTree = "<group>";
		};
		C6D6BA9E4E2ABE4077657F06 /* Components */ = {
			isa = PBXGroup;
			children = (
				7963A306E3AE6837FC2A8D95 /* CameraGuideOverlayView.swift */,
				EFE4CC8AC2215C0E408065CF /* ChoiceChipView.swift */,
				D5F4493C56EE8F4086CCD1CB /* SafetyNoticeView.swift */,
				0643384A56BE3EDE3BE711A5 /* ShutterButtonView.swift */,
			);
			path = Components;
			sourceTree = "<group>";
		};
		C7462C14A174D89045421CE9 /* Resources */ = {
			isa = PBXGroup;
			children = (
				C2124BB907B91399F4D4F70C /* InitialMenuKnowledgeData.json */,
			);
			path = Resources;
			sourceTree = "<group>";
		};
		C8DC7A2797D4C3F450F719F7 /* Repositories */ = {
			isa = PBXGroup;
			children = (
				53ACD5C7507375111DDB9803 /* MenuKnowledgeRepository.swift */,
				CDC16DFA9AB4BD011E392700 /* ProfileRepository.swift */,
				541122341A2A5C7CB98163AD /* README.md */,
				0FE258C816314D2A285DB511 /* SwiftDataMenuKnowledgeRepository.swift */,
				778434AFAC3EB4786763F2C8 /* SwiftDataProfileRepository.swift */,
			);
			path = Repositories;
			sourceTree = "<group>";
		};
		CB3924E02FDC085233A8CF13 /* Views */ = {
			isa = PBXGroup;
			children = (
				613D058FE927E7B101B872AC /* AllergenDietaryRestrictionView.swift */,
				4B70D742796B2A4C68785A58 /* ContentView.swift */,
				FD779C69BAA57BE87AF3BB21 /* DisclaimerView.swift */,
				5C7C27A69BB9BB60DCA4500B /* LanguageSelectionView.swift */,
				15341ECABE445F9B2783D651 /* OCRFailureView.swift */,
				12E5C91EE3CB513A71A10363 /* OnboardingFlowView.swift */,
				59037E9A631860382493E7FD /* RootView.swift */,
				EB51CE3FD41BE5D176A90A04 /* ScanView.swift */,
				C6D6BA9E4E2ABE4077657F06 /* Components */,
			);
			path = Views;
			sourceTree = "<group>";
		};
		D0BFB01C6A49B6ACF9294D04 /* Services */ = {
			isa = PBXGroup;
			children = (
				C6D4EF6870F94AC39B224757 /* AVFoundationCameraService.swift */,
				B90AD5EF040181D7B167919F /* CameraService.swift */,
				B568585A2729AEBCD672F984 /* FoundationModelsMenuParser.swift */,
				A6C1577C5E8826E565ED3996 /* InitialDataImportService.swift */,
				F3392F4480F801B376D3A86F /* MenuAliasResolver.swift */,
				7BD764E7C94AFA006B44AC61 /* MenuNameNormalizer.swift */,
				467A14158007AB7CD392229C /* MenuTextPreprocessor.swift */,
				1F27D646860985637456DBB0 /* MenuUnderstandingPrompt.swift */,
				AFD3CA331F956E66CAE4DF29 /* MenuUnderstandingService.swift */,
				DC3E11AF29762731792DE256 /* OCRService.swift */,
				11ADB29E668A7D70DC9CB020 /* README.md */,
				3BABDA2B8802E538E0DFBD12 /* RiskEvaluationService.swift */,
				F7AC8504BA2008A8F4156AFF /* RiskFactBuilder.swift */,
				37713CB8D101C5A7A24E1DDE /* RiskLLMSignalExtractor.swift */,
				7C871B04C80247338F597209 /* RiskRuleEngine.swift */,
				A1710CDEFA0C8935DDAB5D89 /* SimulatorCameraService.swift */,
				056B842C2CBF23446B18D76F /* UITestScanStubs.swift */,
				6C5BD0FA5722FAC40D364644 /* VisionOCRService.swift */,
			);
			path = Services;
			sourceTree = "<group>";
		};
		DADCC8D217B04C879EB2AFB6 /* Models */ = {
			isa = PBXGroup;
			children = (
				0DBC9D074DCF188BFC494F19 /* Allergen.swift */,
				1DB92545554B577741C8D9A2 /* AllergenItem.swift */,
				BC1C0B9F88184A0BE0BA5A85 /* DataImportVersion.swift */,
				1BAB82008F0A2A8EB4081292 /* DietaryRestrictionCategory.swift */,
				8EEA4D805BA1B4EB93DADCA6 /* Dish.swift */,
				E0099C99522E199DEDC1D024 /* DishAlias.swift */,
				A4A2F9D56E499432783D14F9 /* DishIngredient.swift */,
				12E5F436D44B72F78A3E135D /* DisplayLanguage.swift */,
				DCEB2FE9DF4DD995CAD3304B /* EvidenceSource.swift */,
				A816D8FEFDC0586A66A39ABC /* Ingredient.swift */,
				0BC2A70753AC85307AF26452 /* IngredientAlias.swift */,
				407578B39F2E8396549A8123 /* IngredientAllergen.swift */,
				7D98D235214657C0F6AE7A75 /* IngredientRestriction.swift */,
				7DB2E62A449F012C3E98BE9B /* LocalizedText.swift */,
				B4E78BF5E06DB8B85208D313 /* MenuNormalizationModels.swift */,
				F4E52D917E05EC04A5E0F665 /* MenuUnderstandingModels.swift */,
				66BA6CF2960D1A63C122781C /* OCRResult.swift */,
				6021D5FC13BA4F80E463E473 /* ParsedMenuItem.swift */,
				218521C806E7B0ABB02FB2F9 /* README.md */,
				7B7B484E49E6DC43421215F4 /* RecognizedTextObservation.swift */,
				5715DDF1A78F2474352ED336 /* Restriction.swift */,
				C54B2427F55D1AD7F41F73F8 /* RiskEvaluationModels.swift */,
				BD0F5AB1729853FF7B380071 /* UserProfile.swift */,
			);
			path = Models;
			sourceTree = "<group>";
		};
		F358B9538AD7FEB507375A47 /* Products */ = {
			isa = PBXGroup;
			children = (
				44C4319B950F229F30D4E81C /* Meelyze.app */,
				5CEFCC19889D5611ECA68CFC /* MeelyzeTests.xctest */,
				A9C1E3D430E98001F181F529 /* MeelyzeUITests.xctest */,
			);
			name = Products;
			sourceTree = "<group>";
		};
/* End PBXGroup section */

/* Begin PBXNativeTarget section */
		18133A009F30B44815E37773 /* MeelyzeUITests */ = {
			isa = PBXNativeTarget;
			buildConfigurationList = CA14F5B1EB402DEF05992AB4 /* Build configuration list for PBXNativeTarget "MeelyzeUITests" */;
			buildPhases = (
				85AF3F9D0AC56C4C398113AE /* Sources */,
			);
			buildRules = (
			);
			dependencies = (
				753576A2B3FF86A26E7C962F /* PBXTargetDependency */,
			);
			name = MeelyzeUITests;
			packageProductDependencies = (
			);
			productName = MeelyzeUITests;
			productReference = A9C1E3D430E98001F181F529 /* MeelyzeUITests.xctest */;
			productType = "com.apple.product-type.bundle.ui-testing";
		};
		4821194DC9D9ACE0C632A098 /* MeelyzeTests */ = {
			isa = PBXNativeTarget;
			buildConfigurationList = EF57A1D54DA963652FBED641 /* Build configuration list for PBXNativeTarget "MeelyzeTests" */;
			buildPhases = (
				3CA1691599531F1724EA9A72 /* Sources */,
			);
			buildRules = (
			);
			dependencies = (
				83F5770B77A234C8ACB09D72 /* PBXTargetDependency */,
			);
			name = MeelyzeTests;
			packageProductDependencies = (
			);
			productName = MeelyzeTests;
			productReference = 5CEFCC19889D5611ECA68CFC /* MeelyzeTests.xctest */;
			productType = "com.apple.product-type.bundle.unit-test";
		};
		AA60CB5568C3E71CD4BD3286 /* Meelyze */ = {
			isa = PBXNativeTarget;
			buildConfigurationList = 249062511012FB83BA0932D7 /* Build configuration list for PBXNativeTarget "Meelyze" */;
			buildPhases = (
				C0B35AA2B2939FA1875B9D11 /* Sources */,
				DDCE0C7EB573812D4AA4DF2F /* Resources */,
			);
			buildRules = (
			);
			dependencies = (
			);
			name = Meelyze;
			packageProductDependencies = (
			);
			productName = Meelyze;
			productReference = 44C4319B950F229F30D4E81C /* Meelyze.app */;
			productType = "com.apple.product-type.application";
		};
/* End PBXNativeTarget section */

/* Begin PBXProject section */
		FE965FF0CACD5FA526B9E97A /* Project object */ = {
			isa = PBXProject;
			attributes = {
				BuildIndependentTargetsInParallel = YES;
				LastUpgradeCheck = 1430;
				TargetAttributes = {
					18133A009F30B44815E37773 = {
						DevelopmentTeam = "";
						ProvisioningStyle = Automatic;
						TestTargetID = AA60CB5568C3E71CD4BD3286;
					};
					4821194DC9D9ACE0C632A098 = {
						DevelopmentTeam = "";
						ProvisioningStyle = Automatic;
					};
					AA60CB5568C3E71CD4BD3286 = {
						DevelopmentTeam = "";
						ProvisioningStyle = Automatic;
					};
				};
			};
			buildConfigurationList = 7FEFE58CDCEC92657B4B9B02 /* Build configuration list for PBXProject "Meelyze" */;
			developmentRegion = en;
			hasScannedForEncodings = 0;
			knownRegions = (
				Base,
				en,
			);
			mainGroup = 9DF5F4019DE88B0D81962385;
			minimizedProjectReferenceProxies = 1;
			preferredProjectObjectVersion = 77;
			productRefGroup = F358B9538AD7FEB507375A47 /* Products */;
			projectDirPath = "";
			projectRoot = "";
			targets = (
				AA60CB5568C3E71CD4BD3286 /* Meelyze */,
				4821194DC9D9ACE0C632A098 /* MeelyzeTests */,
				18133A009F30B44815E37773 /* MeelyzeUITests */,
			);
		};
/* End PBXProject section */

/* Begin PBXResourcesBuildPhase section */
		DDCE0C7EB573812D4AA4DF2F /* Resources */ = {
			isa = PBXResourcesBuildPhase;
			buildActionMask = 2147483647;
			files = (
				756BD32782322FA515D6DC6E /* Assets.xcassets in Resources */,
				96B722BB3C78C4EEAB8EBAA3 /* InitialMenuKnowledgeData.json in Resources */,
				D0CB1F35BBC22A60A3E35AD5 /* Preview Assets.xcassets in Resources */,
				DC5B6641F4A388E61A020164 /* SimulatorMenuPhotos in Resources */,
			);
			runOnlyForDeploymentPostprocessing = 0;
		};
/* End PBXResourcesBuildPhase section */

/* Begin PBXSourcesBuildPhase section */
		3CA1691599531F1724EA9A72 /* Sources */ = {
			isa = PBXSourcesBuildPhase;
			buildActionMask = 2147483647;
			files = (
				3240C866B7C2DCE00E17AFE9 /* AllergenDietaryRestrictionViewModelTests.swift in Sources */,
				7C2764254E4D6B8487F727E9 /* ContentViewModelTests.swift in Sources */,
				ED88E05A616991276579D494 /* DisclaimerViewModelTests.swift in Sources */,
				FABE62A77414E962C56A6126 /* FoundationModelsLiveDeviceTests.swift in Sources */,
				E11FA8E82A917C259AB0F9CF /* FoundationModelsMenuParserTests.swift in Sources */,
				AB2DFD5E83915C27A603F34A /* InitialDataImportServiceTests.swift in Sources */,
				D57FA4FE077906F86A05132F /* LanguageSelectionViewModelTests.swift in Sources */,
				7768CD9E458F57ACBE58CAC3 /* MenuAliasResolverTests.swift in Sources */,
				EDA6823AF50AEE734BDCCD56 /* MenuKnowledgeModelTests.swift in Sources */,
				BFF9D8751DA1550E82AD21AC /* MenuNameNormalizerTests.swift in Sources */,
				678A51F22B93BB866464E920 /* MenuTextPreprocessorTests.swift in Sources */,
				A0C3E5FBAEBE0278275C1D67 /* MenuUnderstandingModelsTests.swift in Sources */,
				14B34A07A0F8570351537080 /* MenuUnderstandingPromptTests.swift in Sources */,
				AD0ADD3FD62A68344A631B74 /* MenuUnderstandingServiceContractTests.swift in Sources */,
				8E4ED6D9A8F15A36828C1877 /* OCRResultTests.swift in Sources */,
				9E419E516412E13F688AE11C /* RepresentativeMenuFixtures.swift in Sources */,
				334EA049683CAA7D043EA80B /* RiskEvaluationModelsTests.swift in Sources */,
				E6A184D7864194ABCA0E750F /* RiskEvaluationServiceIntegrationTests.swift in Sources */,
				1366600013E03D4BF1DD27CA /* RiskEvaluationServiceTests.swift in Sources */,
				A8B2D97BE193D2D84B0BB304 /* RiskFactBuilderTests.swift in Sources */,
				62AFAFDDDDF6286AC1EB60EC /* RiskLLMSignalExtractorTests.swift in Sources */,
				54154D1004C1A4B3E6F15A87 /* RiskRuleEngineTests.swift in Sources */,
				C59B3228ADF0D183049EF6F1 /* ScanViewModelTests.swift in Sources */,
				5CBB201836FD5A4780F6F2D7 /* SwiftDataMenuKnowledgeRepositoryTests.swift in Sources */,
				8FD5C8FF81002F9C2EBD91FC /* SwiftDataProfileRepositoryTests.swift in Sources */,
				48AE76BBEE50AFCE3568CB3C /* VisionOCRServiceTests.swift in Sources */,
			);
			runOnlyForDeploymentPostprocessing = 0;
		};
		85AF3F9D0AC56C4C398113AE /* Sources */ = {
			isa = PBXSourcesBuildPhase;
			buildActionMask = 2147483647;
			files = (
				DD521B43A44B47A9A447B4FC /* MeelyzeUITests.swift in Sources */,
				D9085693B6512C41A0118673 /* MeelyzeUITestsLaunchTests.swift in Sources */,
				D4E720A75823C35AEE6EC016 /* OnboardingFlowUITests.swift in Sources */,
				7E57B4757F7DA9B78EFE178F /* ScanOCRFailureUITests.swift in Sources */,
				FE1BF28542A739BC233F6354 /* UITestHelpers.swift in Sources */,
			);
			runOnlyForDeploymentPostprocessing = 0;
		};
		C0B35AA2B2939FA1875B9D11 /* Sources */ = {
			isa = PBXSourcesBuildPhase;
			buildActionMask = 2147483647;
			files = (
				5E69333FC69D36548EBF9D75 /* AVFoundationCameraService.swift in Sources */,
				4F2E6FF80226C2C80B348BA8 /* Allergen.swift in Sources */,
				76ED8352C6DE30CD5249F050 /* AllergenDietaryRestrictionView.swift in Sources */,
				56723CC5B97B7AB371E471AE /* AllergenDietaryRestrictionViewModel.swift in Sources */,
				FC22CD6E595355D52F162120 /* AllergenItem.swift in Sources */,
				6DBEF4EE9675E49420C6A741 /* CameraGuideOverlayView.swift in Sources */,
				29784B1F4E540427AF9F17B3 /* CameraService.swift in Sources */,
				554DE3DFA0DEBD72D987E873 /* ChoiceChipView.swift in Sources */,
				E79FDD8A9C9C5A236ACD0D3C /* ContentView.swift in Sources */,
				230793A69095A6AA017D70B6 /* ContentViewModel.swift in Sources */,
				DB888E051928C15CF2C08571 /* DataImportVersion.swift in Sources */,
				2395FF597B9F9B960E02D68A /* DietaryRestrictionCategory.swift in Sources */,
				7DE5BF06C09ADF308D6FD39A /* DisclaimerView.swift in Sources */,
				A9959E55F71BCF035A4189B1 /* DisclaimerViewModel.swift in Sources */,
				FB1E743B9C3B952650DF2CD2 /* Dish.swift in Sources */,
				16F75CC5450CE0D3FA1290D7 /* DishAlias.swift in Sources */,
				AA6E40F513CDD90D936A5996 /* DishIngredient.swift in Sources */,
				433CCB4ADF5D437BD2A2721D /* DisplayLanguage.swift in Sources */,
				8C39DF750365356C689113EE /* EvidenceSource.swift in Sources */,
				B6C99BC354CB52C3F60D7C5B /* FoundationModelsMenuParser.swift in Sources */,
				B4E91D56A21332C6DE8F5C3C /* Ingredient.swift in Sources */,
				FB2B12D958B10D14CC55346B /* IngredientAlias.swift in Sources */,
				20FD53533F763F674F6A81E9 /* IngredientAllergen.swift in Sources */,
				3D63AD4D53CBD93D7F39B634 /* IngredientRestriction.swift in Sources */,
				B71B420E7E69437A7700EA75 /* InitialDataImportService.swift in Sources */,
				47DF2ECEBDCD388E8639F34A /* LanguageSelectionView.swift in Sources */,
				209D6DFBCE82A8A8CD241D50 /* LanguageSelectionViewModel.swift in Sources */,
				6C88114F4B1036D6004D9480 /* LocalizedText.swift in Sources */,
				2C7AB085D8D4BEE14FBD4E42 /* MeelyzeApp.swift in Sources */,
				2FA422D19CB281689047E36B /* MenuAliasResolver.swift in Sources */,
				535E5EF880AF55F3F5440E09 /* MenuKnowledgeRepository.swift in Sources */,
				4D2C1880EE212130D142CEAA /* MenuNameNormalizer.swift in Sources */,
				9AEC4A84D322BD929996EF05 /* MenuNormalizationModels.swift in Sources */,
				86700AD3E0DEEE8C833BF7B6 /* MenuTextPreprocessor.swift in Sources */,
				5D90C7095BD43DBEEBC6F9BE /* MenuUnderstandingModels.swift in Sources */,
				B3D37CBFC2AFB03F8E54BDD8 /* MenuUnderstandingPrompt.swift in Sources */,
				8A40A061A2F46E1CBCAC7D45 /* MenuUnderstandingService.swift in Sources */,
				F213393341BFF7547389A898 /* OCRFailureView.swift in Sources */,
				E3A7B580EB7702311968E883 /* OCRResult.swift in Sources */,
				BB8EAB5A39B7A6111F592E59 /* OCRService.swift in Sources */,
				7FD3FE9D98DAA48AA50C8D67 /* OnboardingFlowView.swift in Sources */,
				4D25862F033205EAB70DEE5C /* OnboardingFlowViewModel.swift in Sources */,
				30A0132D61E0024D3AC16FAC /* ParsedMenuItem.swift in Sources */,
				A490F3D5B42B92F4339B39E7 /* ProfileRepository.swift in Sources */,
				ED33D56632B9AE1884E4F7CF /* RecognizedTextObservation.swift in Sources */,
				1AF62AE22772C703903E81CA /* Restriction.swift in Sources */,
				A63AC5133DA3BF81F224524E /* RiskEvaluationModels.swift in Sources */,
				0C91D59527AE07CBAD2D5828 /* RiskEvaluationService.swift in Sources */,
				B1C3282C42BE105AEBE37E3B /* RiskFactBuilder.swift in Sources */,
				B2F40A6796C837E27D093088 /* RiskLLMSignalExtractor.swift in Sources */,
				C9714AFBA5C46E16B8AD7319 /* RiskRuleEngine.swift in Sources */,
				F7484F7C1C5FD928FF244064 /* RootView.swift in Sources */,
				E2EDB1EF12F4EF8633D9E539 /* SafetyNoticeView.swift in Sources */,
				038A8396515D70B91E97B457 /* ScanView.swift in Sources */,
				0ED139D34EAEE3CB48448FE2 /* ScanViewModel.swift in Sources */,
				93A743B873325135631A1E36 /* ShutterButtonView.swift in Sources */,
				F803A9955C88010D13CB7B5B /* SimulatorCameraService.swift in Sources */,
				45300E39FCD68529BC7187DB /* SwiftDataMenuKnowledgeRepository.swift in Sources */,
				1ED023492937FA4AD0277227 /* SwiftDataProfileRepository.swift in Sources */,
				C68D5D9A0A7BE64149C57374 /* UITestScanStubs.swift in Sources */,
				E17D53F89F84E5763ECB51B5 /* UserProfile.swift in Sources */,
				08E9248A75FBF3970E7A9781 /* VisionOCRService.swift in Sources */,
			);
			runOnlyForDeploymentPostprocessing = 0;
		};
/* End PBXSourcesBuildPhase section */

/* Begin PBXTargetDependency section */
		753576A2B3FF86A26E7C962F /* PBXTargetDependency */ = {
			isa = PBXTargetDependency;
			target = AA60CB5568C3E71CD4BD3286 /* Meelyze */;
			targetProxy = 871C526DCA4183B35E3881DC /* PBXContainerItemProxy */;
		};
		83F5770B77A234C8ACB09D72 /* PBXTargetDependency */ = {
			isa = PBXTargetDependency;
			target = AA60CB5568C3E71CD4BD3286 /* Meelyze */;
			targetProxy = 33B8E0C1B7DFB87E4295B75F /* PBXContainerItemProxy */;
		};
/* End PBXTargetDependency section */

/* Begin XCBuildConfiguration section */
		06AB995DD3C3F527A2AEF519 /* Debug */ = {
			isa = XCBuildConfiguration;
			buildSettings = {
				BUNDLE_LOADER = "$(TEST_HOST)";
				LD_RUNPATH_SEARCH_PATHS = (
					"$(inherited)",
					"@executable_path/Frameworks",
					"@loader_path/Frameworks",
				);
				PRODUCT_BUNDLE_IDENTIFIER = com.meelyze.Meelyze.MeelyzeTests;
				SDKROOT = iphoneos;
				TARGETED_DEVICE_FAMILY = "1,2";
				TEST_HOST = "$(BUILT_PRODUCTS_DIR)/Meelyze.app/Meelyze";
			};
			name = Debug;
		};
		298DF560CCDEBE01BAFFFF0D /* Release */ = {
			isa = XCBuildConfiguration;
			buildSettings = {
				ASSETCATALOG_COMPILER_APPICON_NAME = AppIcon;
				ASSETCATALOG_COMPILER_GLOBAL_ACCENT_COLOR_NAME = AccentColor;
				CODE_SIGN_IDENTITY = "iPhone Developer";
				DEVELOPMENT_ASSET_PATHS = "\"Meelyze/Preview Content\"";
				ENABLE_PREVIEWS = YES;
				INFOPLIST_KEY_CFBundleDisplayName = Meelyze;
				INFOPLIST_KEY_NSCameraUsageDescription = "メニューを撮影してアレルゲン・食事制限を判定するためにカメラを使用します。撮影した画像は端末外へ送信されません。";
				INFOPLIST_KEY_UIApplicationSceneManifest_Generation = YES;
				INFOPLIST_KEY_UILaunchScreen_Generation = YES;
				INFOPLIST_KEY_UISupportedInterfaceOrientations = "UIInterfaceOrientationPortrait UIInterfaceOrientationLandscapeLeft UIInterfaceOrientationLandscapeRight";
				"INFOPLIST_KEY_UISupportedInterfaceOrientations~ipad" = "UIInterfaceOrientationPortrait UIInterfaceOrientationPortraitUpsideDown UIInterfaceOrientationLandscapeLeft UIInterfaceOrientationLandscapeRight";
				LD_RUNPATH_SEARCH_PATHS = (
					"$(inherited)",
					"@executable_path/Frameworks",
				);
				PRODUCT_BUNDLE_IDENTIFIER = com.meelyze.Meelyze;
				SDKROOT = iphoneos;
				TARGETED_DEVICE_FAMILY = "1,2";
			};
			name = Release;
		};
		300889FFC84F0DD8A886B6AF /* Release */ = {
			isa = XCBuildConfiguration;
			buildSettings = {
				BUNDLE_LOADER = "$(TEST_HOST)";
				LD_RUNPATH_SEARCH_PATHS = (
					"$(inherited)",
					"@executable_path/Frameworks",
					"@loader_path/Frameworks",
				);
				PRODUCT_BUNDLE_IDENTIFIER = com.meelyze.Meelyze.MeelyzeTests;
				SDKROOT = iphoneos;
				TARGETED_DEVICE_FAMILY = "1,2";
				TEST_HOST = "$(BUILT_PRODUCTS_DIR)/Meelyze.app/Meelyze";
			};
			name = Release;
		};
		3A21E9F22E0847494B2FA489 /* Debug */ = {
			isa = XCBuildConfiguration;
			buildSettings = {
				ASSETCATALOG_COMPILER_APPICON_NAME = AppIcon;
				ASSETCATALOG_COMPILER_GLOBAL_ACCENT_COLOR_NAME = AccentColor;
				CODE_SIGN_IDENTITY = "iPhone Developer";
				DEVELOPMENT_ASSET_PATHS = "\"Meelyze/Preview Content\"";
				ENABLE_PREVIEWS = YES;
				INFOPLIST_KEY_CFBundleDisplayName = Meelyze;
				INFOPLIST_KEY_NSCameraUsageDescription = "メニューを撮影してアレルゲン・食事制限を判定するためにカメラを使用します。撮影した画像は端末外へ送信されません。";
				INFOPLIST_KEY_UIApplicationSceneManifest_Generation = YES;
				INFOPLIST_KEY_UILaunchScreen_Generation = YES;
				INFOPLIST_KEY_UISupportedInterfaceOrientations = "UIInterfaceOrientationPortrait UIInterfaceOrientationLandscapeLeft UIInterfaceOrientationLandscapeRight";
				"INFOPLIST_KEY_UISupportedInterfaceOrientations~ipad" = "UIInterfaceOrientationPortrait UIInterfaceOrientationPortraitUpsideDown UIInterfaceOrientationLandscapeLeft UIInterfaceOrientationLandscapeRight";
				LD_RUNPATH_SEARCH_PATHS = (
					"$(inherited)",
					"@executable_path/Frameworks",
				);
				PRODUCT_BUNDLE_IDENTIFIER = com.meelyze.Meelyze;
				SDKROOT = iphoneos;
				TARGETED_DEVICE_FAMILY = "1,2";
			};
			name = Debug;
		};
		81F86E7F2420835F9E8D1E73 /* Release */ = {
			isa = XCBuildConfiguration;
			buildSettings = {
				ALWAYS_SEARCH_USER_PATHS = NO;
				CLANG_ANALYZER_NONNULL = YES;
				CLANG_ANALYZER_NUMBER_OBJECT_CONVERSION = YES_AGGRESSIVE;
				CLANG_CXX_LANGUAGE_STANDARD = "gnu++14";
				CLANG_CXX_LIBRARY = "libc++";
				CLANG_ENABLE_MODULES = YES;
				CLANG_ENABLE_OBJC_ARC = YES;
				CLANG_ENABLE_OBJC_WEAK = YES;
				CLANG_WARN_BLOCK_CAPTURE_AUTORELEASING = YES;
				CLANG_WARN_BOOL_CONVERSION = YES;
				CLANG_WARN_COMMA = YES;
				CLANG_WARN_CONSTANT_CONVERSION = YES;
				CLANG_WARN_DEPRECATED_OBJC_IMPLEMENTATIONS = YES;
				CLANG_WARN_DIRECT_OBJC_ISA_USAGE = YES_ERROR;
				CLANG_WARN_DOCUMENTATION_COMMENTS = YES;
				CLANG_WARN_EMPTY_BODY = YES;
				CLANG_WARN_ENUM_CONVERSION = YES;
				CLANG_WARN_INFINITE_RECURSION = YES;
				CLANG_WARN_INT_CONVERSION = YES;
				CLANG_WARN_NON_LITERAL_NULL_CONVERSION = YES;
				CLANG_WARN_OBJC_IMPLICIT_RETAIN_SELF = YES;
				CLANG_WARN_OBJC_LITERAL_CONVERSION = YES;
				CLANG_WARN_OBJC_ROOT_CLASS = YES_ERROR;
				CLANG_WARN_QUOTED_INCLUDE_IN_FRAMEWORK_HEADER = YES;
				CLANG_WARN_RANGE_LOOP_ANALYSIS = YES;
				CLANG_WARN_STRICT_PROTOTYPES = YES;
				CLANG_WARN_SUSPICIOUS_MOVE = YES;
				CLANG_WARN_UNGUARDED_AVAILABILITY = YES_AGGRESSIVE;
				CLANG_WARN_UNREACHABLE_CODE = YES;
				CLANG_WARN__DUPLICATE_METHOD_MATCH = YES;
				CODE_SIGN_STYLE = Automatic;
				COPY_PHASE_STRIP = NO;
				DEBUG_INFORMATION_FORMAT = "dwarf-with-dsym";
				DEVELOPMENT_TEAM = "";
				ENABLE_NS_ASSERTIONS = NO;
				ENABLE_STRICT_OBJC_MSGSEND = YES;
				GCC_C_LANGUAGE_STANDARD = gnu11;
				GCC_NO_COMMON_BLOCKS = YES;
				GCC_WARN_64_TO_32_BIT_CONVERSION = YES;
				GCC_WARN_ABOUT_RETURN_TYPE = YES_ERROR;
				GCC_WARN_UNDECLARED_SELECTOR = YES;
				GCC_WARN_UNINITIALIZED_AUTOS = YES_AGGRESSIVE;
				GCC_WARN_UNUSED_FUNCTION = YES;
				GCC_WARN_UNUSED_VARIABLE = YES;
				GENERATE_INFOPLIST_FILE = YES;
				IPHONEOS_DEPLOYMENT_TARGET = 26.0;
				MTL_ENABLE_DEBUG_INFO = NO;
				MTL_FAST_MATH = YES;
				PRODUCT_NAME = "$(TARGET_NAME)";
				SDKROOT = iphoneos;
				SWIFT_COMPILATION_MODE = wholemodule;
				SWIFT_OPTIMIZATION_LEVEL = "-O";
				SWIFT_VERSION = 5.0;
				TARGETED_DEVICE_FAMILY = "1,2";
			};
			name = Release;
		};
		B600D8B4B606BC3D761150AA /* Debug */ = {
			isa = XCBuildConfiguration;
			buildSettings = {
				BUNDLE_LOADER = "$(TEST_HOST)";
				LD_RUNPATH_SEARCH_PATHS = (
					"$(inherited)",
					"@executable_path/Frameworks",
					"@loader_path/Frameworks",
				);
				PRODUCT_BUNDLE_IDENTIFIER = com.meelyze.Meelyze.MeelyzeUITests;
				SDKROOT = iphoneos;
				TARGETED_DEVICE_FAMILY = "1,2";
				TEST_TARGET_NAME = Meelyze;
			};
			name = Debug;
		};
		D34C66A3D9046FD82D7E49F7 /* Release */ = {
			isa = XCBuildConfiguration;
			buildSettings = {
				BUNDLE_LOADER = "$(TEST_HOST)";
				LD_RUNPATH_SEARCH_PATHS = (
					"$(inherited)",
					"@executable_path/Frameworks",
					"@loader_path/Frameworks",
				);
				PRODUCT_BUNDLE_IDENTIFIER = com.meelyze.Meelyze.MeelyzeUITests;
				SDKROOT = iphoneos;
				TARGETED_DEVICE_FAMILY = "1,2";
				TEST_TARGET_NAME = Meelyze;
			};
			name = Release;
		};
		E30F3E66ADE89F447F155D04 /* Debug */ = {
			isa = XCBuildConfiguration;
			buildSettings = {
				ALWAYS_SEARCH_USER_PATHS = NO;
				CLANG_ANALYZER_NONNULL = YES;
				CLANG_ANALYZER_NUMBER_OBJECT_CONVERSION = YES_AGGRESSIVE;
				CLANG_CXX_LANGUAGE_STANDARD = "gnu++14";
				CLANG_CXX_LIBRARY = "libc++";
				CLANG_ENABLE_MODULES = YES;
				CLANG_ENABLE_OBJC_ARC = YES;
				CLANG_ENABLE_OBJC_WEAK = YES;
				CLANG_WARN_BLOCK_CAPTURE_AUTORELEASING = YES;
				CLANG_WARN_BOOL_CONVERSION = YES;
				CLANG_WARN_COMMA = YES;
				CLANG_WARN_CONSTANT_CONVERSION = YES;
				CLANG_WARN_DEPRECATED_OBJC_IMPLEMENTATIONS = YES;
				CLANG_WARN_DIRECT_OBJC_ISA_USAGE = YES_ERROR;
				CLANG_WARN_DOCUMENTATION_COMMENTS = YES;
				CLANG_WARN_EMPTY_BODY = YES;
				CLANG_WARN_ENUM_CONVERSION = YES;
				CLANG_WARN_INFINITE_RECURSION = YES;
				CLANG_WARN_INT_CONVERSION = YES;
				CLANG_WARN_NON_LITERAL_NULL_CONVERSION = YES;
				CLANG_WARN_OBJC_IMPLICIT_RETAIN_SELF = YES;
				CLANG_WARN_OBJC_LITERAL_CONVERSION = YES;
				CLANG_WARN_OBJC_ROOT_CLASS = YES_ERROR;
				CLANG_WARN_QUOTED_INCLUDE_IN_FRAMEWORK_HEADER = YES;
				CLANG_WARN_RANGE_LOOP_ANALYSIS = YES;
				CLANG_WARN_STRICT_PROTOTYPES = YES;
				CLANG_WARN_SUSPICIOUS_MOVE = YES;
				CLANG_WARN_UNGUARDED_AVAILABILITY = YES_AGGRESSIVE;
				CLANG_WARN_UNREACHABLE_CODE = YES;
				CLANG_WARN__DUPLICATE_METHOD_MATCH = YES;
				CODE_SIGN_STYLE = Automatic;
				COPY_PHASE_STRIP = NO;
				DEBUG_INFORMATION_FORMAT = dwarf;
				DEVELOPMENT_TEAM = "";
				ENABLE_STRICT_OBJC_MSGSEND = YES;
				ENABLE_TESTABILITY = YES;
				GCC_C_LANGUAGE_STANDARD = gnu11;
				GCC_DYNAMIC_NO_PIC = NO;
				GCC_NO_COMMON_BLOCKS = YES;
				GCC_OPTIMIZATION_LEVEL = 0;
				GCC_PREPROCESSOR_DEFINITIONS = (
					"$(inherited)",
					"DEBUG=1",
				);
				GCC_WARN_64_TO_32_BIT_CONVERSION = YES;
				GCC_WARN_ABOUT_RETURN_TYPE = YES_ERROR;
				GCC_WARN_UNDECLARED_SELECTOR = YES;
				GCC_WARN_UNINITIALIZED_AUTOS = YES_AGGRESSIVE;
				GCC_WARN_UNUSED_FUNCTION = YES;
				GCC_WARN_UNUSED_VARIABLE = YES;
				GENERATE_INFOPLIST_FILE = YES;
				IPHONEOS_DEPLOYMENT_TARGET = 26.0;
				MTL_ENABLE_DEBUG_INFO = INCLUDE_SOURCE;
				MTL_FAST_MATH = YES;
				ONLY_ACTIVE_ARCH = YES;
				PRODUCT_NAME = "$(TARGET_NAME)";
				SDKROOT = iphoneos;
				SWIFT_ACTIVE_COMPILATION_CONDITIONS = DEBUG;
				SWIFT_OPTIMIZATION_LEVEL = "-Onone";
				SWIFT_VERSION = 5.0;
				TARGETED_DEVICE_FAMILY = "1,2";
			};
			name = Debug;
		};
/* End XCBuildConfiguration section */

/* Begin XCConfigurationList section */
		249062511012FB83BA0932D7 /* Build configuration list for PBXNativeTarget "Meelyze" */ = {
			isa = XCConfigurationList;
			buildConfigurations = (
				3A21E9F22E0847494B2FA489 /* Debug */,
				298DF560CCDEBE01BAFFFF0D /* Release */,
			);
			defaultConfigurationIsVisible = 0;
			defaultConfigurationName = Debug;
		};
		7FEFE58CDCEC92657B4B9B02 /* Build configuration list for PBXProject "Meelyze" */ = {
			isa = XCConfigurationList;
			buildConfigurations = (
				E30F3E66ADE89F447F155D04 /* Debug */,
				81F86E7F2420835F9E8D1E73 /* Release */,
			);
			defaultConfigurationIsVisible = 0;
			defaultConfigurationName = Debug;
		};
		CA14F5B1EB402DEF05992AB4 /* Build configuration list for PBXNativeTarget "MeelyzeUITests" */ = {
			isa = XCConfigurationList;
			buildConfigurations = (
				B600D8B4B606BC3D761150AA /* Debug */,
				D34C66A3D9046FD82D7E49F7 /* Release */,
			);
			defaultConfigurationIsVisible = 0;
			defaultConfigurationName = Debug;
		};
		EF57A1D54DA963652FBED641 /* Build configuration list for PBXNativeTarget "MeelyzeTests" */ = {
			isa = XCConfigurationList;
			buildConfigurations = (
				06AB995DD3C3F527A2AEF519 /* Debug */,
				300889FFC84F0DD8A886B6AF /* Release */,
			);
			defaultConfigurationIsVisible = 0;
			defaultConfigurationName = Debug;
		};
/* End XCConfigurationList section */
	};
	rootObject = FE965FF0CACD5FA526B9E97A /* Project object */;
}
